{
    "_readme": [
        "This file locks the dependencies of your project to a known state",
        "Read more about it at https://getcomposer.org/doc/01-basic-usage.md#composer-lock-the-lock-file",
        "This file is @generated automatically"
    ],
    "content-hash": "7a5622c283a1c9298fcba1c4cbff08d2",
    "packages": [
        {
            "name": "duzun/hquery",
            "version": "1.7.1",
            "source": {
                "type": "git",
                "url": "https://github.com/duzun/hQuery.php.git",
                "reference": "d43c98c7cc21fbbadd57f5c287e03ab77d319c88"
            },
            "dist": {
                "type": "zip",
                "url": "https://api.github.com/repos/duzun/hQuery.php/zipball/d43c98c7cc21fbbadd57f5c287e03ab77d319c88",
                "reference": "d43c98c7cc21fbbadd57f5c287e03ab77d319c88",
                "shasum": ""
            },
            "require": {
                "php": ">=5.0.0"
            },
            "require-dev": {
                "apigen/apigen": "~4.1",
                "phpunit/phpunit": "^6.1"
            },
            "type": "library",
            "autoload": {
                "classmap": [
                    "hquery.php"
                ],
                "psr-4": {
                    "duzun\\": "psr-4"
                }
            },
            "notification-url": "https://packagist.org/downloads/",
            "license": [
                "MIT"
            ],
            "authors": [
                {
                    "name": "Dumitru Uzun",
                    "email": "contact@duzun.me",
                    "homepage": "https://DUzun.Me",
                    "role": "Developer"
                }
            ],
            "description": "An extremely fast web scraper that parses megabytes of HTML in a blink of an eye. No dependencies. PHP5+",
            "homepage": "https://duzun.me/playground/hquery",
            "keywords": [
                "crawling",
                "html",
                "php",
                "scraper",
                "scraping",
                "web",
                "xhtml",
                "xml"
            ],
            "time": "2017-11-27T07:58:16+00:00"
        }
    ],
    "packages-dev": [],
    "aliases": [],
    "minimum-stability": "stable",
    "stability-flags": [],
    "prefer-stable": false,
    "prefer-lowest": false,
    "platform": [],
    "platform-dev": []
}
